// !$*UTF8*$!
{
	archiveVersion = 1;
	classes = {
	};
	objectVersion = 56;
	objects = {

/* Begin PBXBuildFile section */
		63099E912B3F6FF100394BED /* RibbonApp.swift in Sources */ = {isa = PBXBuildFile; fileRef = 63099E902B3F6FF100394BED /* RibbonApp.swift */; };
		63099E932B3F6FF100394BED /* ContentView.swift in Sources */ = {isa = PBXBuildFile; fileRef = 63099E922B3F6FF100394BED /* ContentView.swift */; };
		63099E952B3F6FF200394BED /* Assets.xcassets in Resources */ = {isa = PBXBuildFile; fileRef = 63099E942B3F6FF200394BED /* Assets.xcassets */; };
		63099E982B3F6FF200394BED /* Preview Assets.xcassets in Resources */ = {isa = PBXBuildFile; fileRef = 63099E972B3F6FF200394BED /* Preview Assets.xcassets */; };
		63099E9F2B3F750600394BED /* Triangle.swift in Sources */ = {isa = PBXBuildFile; fileRef = 63099E9E2B3F750600394BED /* Triangle.swift */; };
		6391F07A2BA8DF47008860EA /* LongPressReleaseDetectionGesture.swift in Sources */ = {isa = PBXBuildFile; fileRef = 6391F0792BA8DF47008860EA /* LongPressReleaseDetectionGesture.swift */; };
		63F8BEBA2B43934B00CDF717 /* TwoSidedView.swift in Sources */ = {isa = PBXBuildFile; fileRef = 63F8BEB92B43934B00CDF717 /* TwoSidedView.swift */; };
/* End PBXBuildFile section */

/* Begin PBXFileReference section */
		63099E8D2B3F6FF100394BED /* Ribbon.app */ = {isa = PBXFileReference; explicitFileType = wrapper.application; includeInIndex = 0; path = Ribbon.app; sourceTree = BUILT_PRODUCTS_DIR; };
		63099E902B3F6FF100394BED /* RibbonApp.swift */ = {isa = PBXFileReference; lastKnownFileType = sourcecode.swift; path = RibbonApp.swift; sourceTree = "<group>"; };
		63099E922B3F6FF100394BED /* ContentView.swift */ = {isa = PBXFileReference; lastKnownFileType = sourcecode.swift; path = ContentView.swift; sourceTree = "<group>"; };
		63099E942B3F6FF200394BED /* Assets.xcassets */ = {isa = PBXFileReference; lastKnownFileType = folder.assetcatalog; path = Assets.xcassets; sourceTree = "<group>"; };
		63099E972B3F6FF200394BED /* Preview Assets.xcassets */ = {isa = PBXFileReference; lastKnownFileType = folder.assetcatalog; path = "Preview Assets.xcassets"; sourceTree = "<group>"; };
		63099E9E2B3F750600394BED /* Triangle.swift */ = {isa = PBXFileReference; lastKnownFileType = sourcecode.swift; path = Triangle.swift; sourceTree = "<group>"; };
		6391F0792BA8DF47008860EA /* LongPressReleaseDetectionGesture.swift */ = {isa = PBXFileReference; lastKnownFileType = sourcecode.swift; path = LongPressReleaseDetectionGesture.swift; sourceTree = "<group>"; };
		63F8BEB92B43934B00CDF717 /* TwoSidedView.swift */ = {isa = PBXFileReference; lastKnownFileType = sourcecode.swift; path = TwoSidedView.swift; sourceTree = "<group>"; };
/* End PBXFileReference section */

/* Begin PBXFrameworksBuildPhase section */
		63099E8A2B3F6FF100394BED /* Frameworks */ = {
			isa = PBXFrameworksBuildPhase;
			buildActionMask = 2147483647;
			files = (
			);
			runOnlyForDeploymentPostprocessing = 0;
		};
/* End PBXFrameworksBuildPhase section */

/* Begin PBXGroup section */
		63099E842B3F6FF100394BED = {
			isa = PBXGroup;
			children = (
				63099E8F2B3F6FF100394BED /* Ribbon */,
				63099E8E2B3F6FF100394BED /* Products */,
			);
			sourceTree = "<group>";
		};
		63099E8E2B3F6FF100394BED /* Products */ = {
			isa = PBXGroup;
			children = (
				63099E8D2B3F6FF100394BED /* Ribbon.app */,
			);
			name = Products;
			sourceTree = "<group>";
		};
		63099E8F2B3F6FF100394BED /* Ribbon */ = {
			isa = PBXGroup;
			children = (
				63099E902B3F6FF100394BED /* RibbonApp.swift */,
				63099E922B3F6FF100394BED /* ContentView.swift */,
				63099E9E2B3F750600394BED /* Triangle.swift */,
				63F8BEB92B43934B00CDF717 /* TwoSidedView.swift */,
				6391F0792BA8DF47008860EA /* LongPressReleaseDetectionGesture.swift */,
				63099E942B3F6FF200394BED /* Assets.xcassets */,
				63099E962B3F6FF200394BED /* Preview Content */,
			);
			path = Ribbon;
			sourceTree = "<group>";
		};
		63099E962B3F6FF200394BED /* Preview Content */ = {
			isa = PBXGroup;
			children = (
				63099E972B3F6FF200394BED /* Preview Assets.xcassets */,
			);
			path = "Preview Content";
			sourceTree = "<group>";
		};
/* End PBXGroup section */

/* Begin PBXNativeTarget section */
		63099E8C2B3F6FF100394BED /* Ribbon */ = {
			isa = PBXNativeTarget;
			buildConfigurationList = 63099E9B2B3F6FF200394BED /* Build configuration list for PBXNativeTarget "Ribbon" */;
			buildPhases = (
				63099E892B3F6FF100394BED /* Sources */,
				63099E8A2B3F6FF100394BED /* Frameworks */,
				63099E8B2B3F6FF100394BED /* Resources */,
			);
			buildRules = (
			);
			dependencies = (
			);
			name = Ribbon;
			productName = Ribbon;
			productReference = 63099E8D2B3F6FF100394BED /* Ribbon.app */;
			productType = "com.apple.product-type.application";
		};
/* End PBXNativeTarget section */

/* Begin PBXProject section */
		63099E852B3F6FF100394BED /* Project object */ = {
			isa = PBXProject;
			attributes = {
				BuildIndependentTargetsInParallel = 1;
				LastSwiftUpdateCheck = 1500;
				LastUpgradeCheck = 1500;
				TargetAttributes = {
					63099E8C2B3F6FF100394BED = {
						CreatedOnToolsVersion = 15.0;
					};
				};
			};
			buildConfigurationList = 63099E882B3F6FF100394BED /* Build configuration list for PBXProject "Ribbon" */;
			compatibilityVersion = "Xcode 14.0";
			developmentRegion = en;
			hasScannedForEncodings = 0;
			knownRegions = (
				en,
				Base,
			);
			mainGroup = 63099E842B3F6FF100394BED;
			productRefGroup = 63099E8E2B3F6FF100394BED /* Products */;
			projectDirPath = "";
			projectRoot = "";
			targets = (
				63099E8C2B3F6FF100394BED /* Ribbon */,
			);
		};
/* End PBXProject section */

/* Begin PBXResourcesBuildPhase section */
		63099E8B2B3F6FF100394BED /* Resources */ = {
			isa = PBXResourcesBuildPhase;
			buildActionMask = 2147483647;
			files = (
				63099E982B3F6FF200394BED /* Preview Assets.xcassets in Resources */,
				63099E952B3F6FF200394BED /* Assets.xcassets in Resources */,
			);
			runOnlyForDeploymentPostprocessing = 0;
		};
/* End PBXResourcesBuildPhase section */

/* Begin PBXSourcesBuildPhase section */
		63099E892B3F6FF100394BED /* Sources */ = {
			isa = PBXSourcesBuildPhase;
			buildActionMask = 2147483647;
			files = (
				6391F07A2BA8DF47008860EA /* LongPressReleaseDetectionGesture.swift in Sources */,
				63099E9F2B3F750600394BED /* Triangle.swift in Sources */,
				63099E932B3F6FF100394BED /* ContentView.swift in Sources */,
				63099E912B3F6FF100394BED /* RibbonApp.swift in Sources */,
				63F8BEBA2B43934B00CDF717 /* TwoSidedView.swift in Sources */,
			);
			runOnlyForDeploymentPostprocessing = 0;
		};
/* End PBXSourcesBuildPhase section */

/* Begin XCBuildConfiguration section */
		63099E992B3F6FF200394BED /* Debug */ = {
			isa = XCBuildConfiguration;
			buildSettings = {
				ALWAYS_SEARCH_USER_PATHS = NO;
				ASSETCATALOG_COMPILER_GENERATE_SWIFT_ASSET_SYMBOL_EXTENSIONS = YES;
				CLANG_ANALYZER_NONNULL = YES;
				CLANG_ANALYZER_NUMBER_OBJECT_CONVERSION = YES_AGGRESSIVE;
				CLANG_CXX_LANGUAGE_STANDARD = "gnu++20";
				CLANG_ENABLE_MODULES = YES;
				CLANG_ENABLE_OBJC_ARC = YES;
				CLANG_ENABLE_OBJC_WEAK = YES;
				CLANG_WARN_BLOCK_CAPTURE_AUTORELEASING = YES;
				CLANG_WARN_BOOL_CONVERSION = YES;
				CLANG_WARN_COMMA = YES;
				CLANG_WARN_CONSTANT_CONVERSION = YES;
				CLANG_WARN_DEPRECATED_OBJC_IMPLEMENTATIONS = YES;
				CLANG_WARN_DIRECT_OBJC_ISA_USAGE = YES_ERROR;
				CLANG_WARN_DOCUMENTATION_COMMENTS = YES;
				CLANG_WARN_EMPTY_BODY = YES;
				CLANG_WARN_ENUM_CONVERSION = YES;
				CLANG_WARN_INFINITE_RECURSION = YES;
				CLANG_WARN_INT_CONVERSION = YES;
				CLANG_WARN_NON_LITERAL_NULL_CONVERSION = YES;
				CLANG_WARN_OBJC_IMPLICIT_RETAIN_SELF = YES;
				CLANG_WARN_OBJC_LITERAL_CONVERSION = YES;
				CLANG_WARN_OBJC_ROOT_CLASS = YES_ERROR;
				CLANG_WARN_QUOTED_INCLUDE_IN_FRAMEWORK_HEADER = YES;
				CLANG_WARN_RANGE_LOOP_ANALYSIS = YES;
				CLANG_WARN_STRICT_PROTOTYPES = YES;
				CLANG_WARN_SUSPICIOUS_MOVE = YES;
				CLANG_WARN_UNGUARDED_AVAILABILITY = YES_AGGRESSIVE;
				CLANG_WARN_UNREACHABLE_CODE = YES;
				CLANG_WARN__DUPLICATE_METHOD_MATCH = YES;
				COPY_PHASE_STRIP = NO;
				DEBUG_INFORMATION_FORMAT = dwarf;
				ENABLE_STRICT_OBJC_MSGSEND = YES;
				ENABLE_TESTABILITY = YES;
				ENABLE_USER_SCRIPT_SANDBOXING = YES;
				GCC_C_LANGUAGE_STANDARD = gnu17;
				GCC_DYNAMIC_NO_PIC = NO;
				GCC_NO_COMMON_BLOCKS = YES;
				GCC_OPTIMIZATION_LEVEL = 0;
				GCC_PREPROCESSOR_DEFINITIONS = (
					"DEBUG=1",
					"$(inherited)",
				);
				GCC_WARN_64_TO_32_BIT_CONVERSION = YES;
				GCC_WARN_ABOUT_RETURN_TYPE = YES_ERROR;
				GCC_WARN_UNDECLARED_SELECTOR = YES;
				GCC_WARN_UNINITIALIZED_AUTOS = YES_AGGRESSIVE;
				GCC_WARN_UNUSED_FUNCTION = YES;
				GCC_WARN_UNUSED_VARIABLE = YES;
				IPHONEOS_DEPLOYMENT_TARGET = 17.0;
				LOCALIZATION_PREFERS_STRING_CATALOGS = YES;
				MTL_ENABLE_DEBUG_INFO = INCLUDE_SOURCE;
				MTL_FAST_MATH = YES;
				ONLY_ACTIVE_ARCH = YES;
				SDKROOT = iphoneos;
				SWIFT_ACTIVE_COMPILATION_CONDITIONS = "DEBUG $(inherited)";
				SWIFT_OPTIMIZATION_LEVEL = "-Onone";
			};
			name = Debug;
		};
		63099E9A2B3F6FF200394BED /* Release */ = {
			isa = XCBuildConfiguration;
			buildSettings = {
				ALWAYS_SEARCH_USER_PATHS = NO;
				ASSETCATALOG_COMPILER_GENERATE_SWIFT_ASSET_SYMBOL_EXTENSIONS = YES;
				CLANG_ANALYZER_NONNULL = YES;
				CLANG_ANALYZER_NUMBER_OBJECT_CONVERSION = YES_AGGRESSIVE;
				CLANG_CXX_LANGUAGE_STANDARD = "gnu++20";
				CLANG_ENABLE_MODULES = YES;
				CLANG_ENABLE_OBJC_ARC = YES;
				CLANG_ENABLE_OBJC_WEAK = YES;
				CLANG_WARN_BLOCK_CAPTURE_AUTORELEASING = YES;
				CLANG_WARN_BOOL_CONVERSION = YES;
				CLANG_WARN_COMMA = YES;
				CLANG_WARN_CONSTANT_CONVERSION = YES;
				CLANG_WARN_DEPRECATED_OBJC_IMPLEMENTATIONS = YES;
				CLANG_WARN_DIRECT_OBJC_ISA_USAGE = YES_ERROR;
				CLANG_WARN_DOCUMENTATION_COMMENTS = YES;
				CLANG_WARN_EMPTY_BODY = YES;
				CLANG_WARN_ENUM_CONVERSION = YES;
				CLANG_WARN_INFINITE_RECURSION = YES;
				CLANG_WARN_INT_CONVERSION = YES;
				CLANG_WARN_NON_LITERAL_NULL_CONVERSION = YES;
				CLANG_WARN_OBJC_IMPLICIT_RETAIN_SELF = YES;
				CLANG_WARN_OBJC_LITERAL_CONVERSION = YES;
				CLANG_WARN_OBJC_ROOT_CLASS = YES_ERROR;
				CLANG_WARN_QUOTED_INCLUDE_IN_FRAMEWORK_HEADER = YES;
				CLANG_WARN_RANGE_LOOP_ANALYSIS = YES;
				CLANG_WARN_STRICT_PROTOTYPES = YES;
				CLANG_WARN_SUSPICIOUS_MOVE = YES;
				CLANG_WARN_UNGUARDED_AVAILABILITY = YES_AGGRESSIVE;
				CLANG_WARN_UNREACHABLE_CODE = YES;
				CLANG_WARN__DUPLICATE_METHOD_MATCH = YES;
				COPY_PHASE_STRIP = NO;
				DEBUG_INFORMATION_FORMAT = "dwarf-with-dsym";
				ENABLE_NS_ASSERTIONS = NO;
				ENABLE_STRICT_OBJC_MSGSEND = YES;
				ENABLE_USER_SCRIPT_SANDBOXING = YES;
				GCC_C_LANGUAGE_STANDARD = gnu17;
				GCC_NO_COMMON_BLOCKS = YES;
				GCC_WARN_64_TO_32_BIT_CONVERSION = YES;
				GCC_WARN_ABOUT_RETURN_TYPE = YES_ERROR;
				GCC_WARN_UNDECLARED_SELECTOR = YES;
				GCC_WARN_UNINITIALIZED_AUTOS = YES_AGGRESSIVE;
				GCC_WARN_UNUSED_FUNCTION = YES;
				GCC_WARN_UNUSED_VARIABLE = YES;
				IPHONEOS_DEPLOYMENT_TARGET = 17.0;
				LOCALIZATION_PREFERS_STRING_CATALOGS = YES;
				MTL_ENABLE_DEBUG_INFO = NO;
				MTL_FAST_MATH = YES;
				SDKROOT = iphoneos;
				SWIFT_COMPILATION_MODE = wholemodule;
				VALIDATE_PRODUCT = YES;
			};
			name = Release;
		};
		63099E9C2B3F6FF200394BED /* Debug */ = {
			isa = XCBuildConfiguration;
			buildSettings = {
				ASSETCATALOG_COMPILER_APPICON_NAME = AppIcon;
				ASSETCATALOG_COMPILER_GLOBAL_ACCENT_COLOR_NAME = AccentColor;
				CODE_SIGN_STYLE = Automatic;
				CURRENT_PROJECT_VERSION = 1;
				DEVELOPMENT_ASSET_PATHS = "\"Ribbon/Preview Content\"";
				DEVELOPMENT_TEAM = JRD7LBC42Y;
				ENABLE_PREVIEWS = YES;
				GENERATE_INFOPLIST_FILE = YES;
				INFOPLIST_KEY_UIApplicationSceneManifest_Generation = YES;
				INFOPLIST_KEY_UIApplicationSupportsIndirectInputEvents = YES;
				INFOPLIST_KEY_UILaunchScreen_Generation = YES;
				INFOPLIST_KEY_UISupportedInterfaceOrientations = UIInterfaceOrientationLandscapeRight;
				INFOPLIST_KEY_UISupportedInterfaceOrientations_iPad = "UIInterfaceOrientationLandscapeLeft UIInterfaceOrientationLandscapeRight UIInterfaceOrientationPortrait UIInterfaceOrientationPortraitUpsideDown";
				INFOPLIST_KEY_UIUserInterfaceStyle = Dark;
				LD_RUNPATH_SEARCH_PATHS = (
					"$(inherited)",
					"@executable_path/Frameworks",
				);
				MARKETING_VERSION = 1.0;
				PRODUCT_BUNDLE_IDENTIFIER = com.jessielinden.Ribbon;
				PRODUCT_NAME = "$(TARGET_NAME)";
				SUPPORTED_PLATFORMS = "iphoneos iphonesimulator";
				SUPPORTS_MACCATALYST = NO;
				SUPPORTS_MAC_DESIGNED_FOR_IPHONE_IPAD = NO;
				SWIFT_EMIT_LOC_STRINGS = YES;
				SWIFT_VERSION = 5.0;
				TARGETED_DEVICE_FAMILY = 1;
			};
			name = Debug;
		};
		63099E9D2B3F6FF200394BED /* Release */ = {
			isa = XCBuildConfiguration;
			buildSettings = {
				ASSETCATALOG_COMPILER_APPICON_NAME = AppIcon;
				ASSETCATALOG_COMPILER_GLOBAL_ACCENT_COLOR_NAME = AccentColor;
				CODE_SIGN_STYLE = Automatic;
				CURRENT_PROJECT_VERSION = 1;
				DEVELOPMENT_ASSET_PATHS = "\"Ribbon/Preview Content\"";
				DEVELOPMENT_TEAM = JRD7LBC42Y;
				ENABLE_PREVIEWS = YES;
				GENERATE_INFOPLIST_FILE = YES;
				INFOPLIST_KEY_UIApplicationSceneManifest_Generation = YES;
				INFOPLIST_KEY_UIApplicationSupportsIndirectInputEvents = YES;
				INFOPLIST_KEY_UILaunchScreen_Generation = YES;
				INFOPLIST_KEY_UISupportedInterfaceOrientations = UIInterfaceOrientationLandscapeRight;
				INFOPLIST_KEY_UISupportedInterfaceOrientations_iPad = "UIInterfaceOrientationLandscapeLeft UIInterfaceOrientationLandscapeRight UIInterfaceOrientationPortrait UIInterfaceOrientationPortraitUpsideDown";
				INFOPLIST_KEY_UIUserInterfaceStyle = Dark;
				LD_RUNPATH_SEARCH_PATHS = (
					"$(inherited)",
					"@executable_path/Frameworks",
				);
				MARKETING_VERSION = 1.0;
				PRODUCT_BUNDLE_IDENTIFIER = com.jessielinden.Ribbon;
				PRODUCT_NAME = "$(TARGET_NAME)";
				SUPPORTED_PLATFORMS = "iphoneos iphonesimulator";
				SUPPORTS_MACCATALYST = NO;
				SUPPORTS_MAC_DESIGNED_FOR_IPHONE_IPAD = NO;
				SWIFT_EMIT_LOC_STRINGS = YES;
				SWIFT_VERSION = 5.0;
				TARGETED_DEVICE_FAMILY = 1;
			};
			name = Release;
		};
/* End XCBuildConfiguration section */

/* Begin XCConfigurationList section */
		63099E882B3F6FF100394BED /* Build configuration list for PBXProject "Ribbon" */ = {
			isa = XCConfigurationList;
			buildConfigurations = (
				63099E992B3F6FF200394BED /* Debug */,
				63099E9A2B3F6FF200394BED /* Release */,
			);
			defaultConfigurationIsVisible = 0;
			defaultConfigurationName = Release;
		};
		63099E9B2B3F6FF200394BED /* Build configuration list for PBXNativeTarget "Ribbon" */ = {
			isa = XCConfigurationList;
			buildConfigurations = (
				63099E9C2B3F6FF200394BED /* Debug */,
				63099E9D2B3F6FF200394BED /* Release */,
			);
			defaultConfigurationIsVisible = 0;
			defaultConfigurationName = Release;
		};
/* End XCConfigurationList section */
	};
	rootObject = 63099E852B3F6FF100394BED /* Project object */;
}
